
Microsoft Visual Studio Solution File, Format Version 11.00
# Visual Studio 2010
Project("{FAE04EC0-301F-11D3-BF4B-00C04F79EFBC}") = "Pivot.Update", "Pivot.Update\Pivot.Update.csproj", "{66E619FC-FA0A-497B-BCE8-9588E180E9E6}"
EndProject
Project("{FAE04EC0-301F-11D3-BF4B-00C04F79EFBC}") = "Pivot.Update.Service", "Pivot.Update.Service\Pivot.Update.Service.csproj", "{9CA3554B-F996-49EC-8229-822DC5FB6863}"
EndProject
Project("{FAE04EC0-301F-11D3-BF4B-00C04F79EFBC}") = "Pivot.Update.Tests", "Pivot.Update.Tests\Pivot.Update.Tests.csproj", "{66C13951-883F-468C-ADC1-3E3F5D35AE9B}"
EndProject
Project("{2150E333-8FDC-42A3-9474-1A3956D46DE8}") = "Solution Items", "Solution Items", "{F0222C62-FAEA-4B91-A2D1-E846E966833C}"
	ProjectSection(SolutionItems) = preProject
		Local.testsettings = Local.testsettings
		Pivot.Update.vsmdi = Pivot.Update.vsmdi
		TraceAndTestImpact.testsettings = TraceAndTestImpact.testsettings
	EndProjectSection
EndProject
Project("{FAE04EC0-301F-11D3-BF4B-00C04F79EFBC}") = "Pivot.Update.Server", "Pivot.Update.Server\Pivot.Update.Server.csproj", "{ECFA0A57-27C8-475F-B2D3-139EC5D8D636}"
EndProject
Project("{FAE04EC0-301F-11D3-BF4B-00C04F79EFBC}") = "Pivot.Update.Patching", "Pivot.Update.Patching\Pivot.Update.Patching.csproj", "{7F21B4A9-E203-45D8-B4AF-3CB7B4A29DDE}"
EndProject
Project("{FAE04EC0-301F-11D3-BF4B-00C04F79EFBC}") = "pvclnt", "pvclnt\pvclnt.csproj", "{7FE70D68-81CC-4AF1-8523-4E0C85817281}"
EndProject
Project("{FAE04EC0-301F-11D3-BF4B-00C04F79EFBC}") = "pvctrl", "pvctrl\pvctrl.csproj", "{2AB170F5-4B4D-40EC-85EB-AAE24175EAD3}"
EndProject
Global
	GlobalSection(TestCaseManagementSettings) = postSolution
		CategoryFile = Pivot.Update.vsmdi
	EndGlobalSection
	GlobalSection(SolutionConfigurationPlatforms) = preSolution
		Debug|Any CPU = Debug|Any CPU
		Debug|Mixed Platforms = Debug|Mixed Platforms
		Debug|x86 = Debug|x86
		Release|Any CPU = Release|Any CPU
		Release|Mixed Platforms = Release|Mixed Platforms
		Release|x86 = Release|x86
	EndGlobalSection
	GlobalSection(ProjectConfigurationPlatforms) = postSolution
		{66E619FC-FA0A-497B-BCE8-9588E180E9E6}.Debug|Any CPU.ActiveCfg = Debug|x86
		{66E619FC-FA0A-497B-BCE8-9588E180E9E6}.Debug|Mixed Platforms.ActiveCfg = Debug|x86
		{66E619FC-FA0A-497B-BCE8-9588E180E9E6}.Debug|Mixed Platforms.Build.0 = Debug|x86
		{66E619FC-FA0A-497B-BCE8-9588E180E9E6}.Debug|x86.ActiveCfg = Debug|x86
		{66E619FC-FA0A-497B-BCE8-9588E180E9E6}.Debug|x86.Build.0 = Debug|x86
		{66E619FC-FA0A-497B-BCE8-9588E180E9E6}.Release|Any CPU.ActiveCfg = Release|x86
		{66E619FC-FA0A-497B-BCE8-9588E180E9E6}.Release|Mixed Platforms.ActiveCfg = Release|x86
		{66E619FC-FA0A-497B-BCE8-9588E180E9E6}.Release|Mixed Platforms.Build.0 = Release|x86
		{66E619FC-FA0A-497B-BCE8-9588E180E9E6}.Release|x86.ActiveCfg = Release|x86
		{66E619FC-FA0A-497B-BCE8-9588E180E9E6}.Release|x86.Build.0 = Release|x86
		{9CA3554B-F996-49EC-8229-822DC5FB6863}.Debug|Any CPU.ActiveCfg = Debug|x86
		{9CA3554B-F996-49EC-8229-822DC5FB6863}.Debug|Mixed Platforms.ActiveCfg = Debug|x86
		{9CA3554B-F996-49EC-8229-822DC5FB6863}.Debug|Mixed Platforms.Build.0 = Debug|x86
		{9CA3554B-F996-49EC-8229-822DC5FB6863}.Debug|x86.ActiveCfg = Debug|x86
		{9CA3554B-F996-49EC-8229-822DC5FB6863}.Debug|x86.Build.0 = Debug|x86
		{9CA3554B-F996-49EC-8229-822DC5FB6863}.Release|Any CPU.ActiveCfg = Release|x86
		{9CA3554B-F996-49EC-8229-822DC5FB6863}.Release|Mixed Platforms.ActiveCfg = Release|x86
		{9CA3554B-F996-49EC-8229-822DC5FB6863}.Release|Mixed Platforms.Build.0 = Release|x86
		{9CA3554B-F996-49EC-8229-822DC5FB6863}.Release|x86.ActiveCfg = Release|x86
		{9CA3554B-F996-49EC-8229-822DC5FB6863}.Release|x86.Build.0 = Release|x86
		{ECFA0A57-27C8-475F-B2D3-139EC5D8D636}.Debug|Any CPU.ActiveCfg = Debug|x86
		{ECFA0A57-27C8-475F-B2D3-139EC5D8D636}.Debug|Mixed Platforms.ActiveCfg = Debug|x86
		{ECFA0A57-27C8-475F-B2D3-139EC5D8D636}.Debug|Mixed Platforms.Build.0 = Debug|x86
		{ECFA0A57-27C8-475F-B2D3-139EC5D8D636}.Debug|x86.ActiveCfg = Debug|x86
		{ECFA0A57-27C8-475F-B2D3-139EC5D8D636}.Debug|x86.Build.0 = Debug|x86
		{ECFA0A57-27C8-475F-B2D3-139EC5D8D636}.Release|Any CPU.ActiveCfg = Release|x86
		{ECFA0A57-27C8-475F-B2D3-139EC5D8D636}.Release|Mixed Platforms.ActiveCfg = Release|x86
		{ECFA0A57-27C8-475F-B2D3-139EC5D8D636}.Release|Mixed Platforms.Build.0 = Release|x86
		{ECFA0A57-27C8-475F-B2D3-139EC5D8D636}.Release|x86.ActiveCfg = Release|x86
		{ECFA0A57-27C8-475F-B2D3-139EC5D8D636}.Release|x86.Build.0 = Release|x86
		{7F21B4A9-E203-45D8-B4AF-3CB7B4A29DDE}.Debug|Any CPU.ActiveCfg = Debug|x86
		{7F21B4A9-E203-45D8-B4AF-3CB7B4A29DDE}.Debug|Mixed Platforms.ActiveCfg = Debug|x86
		{7F21B4A9-E203-45D8-B4AF-3CB7B4A29DDE}.Debug|Mixed Platforms.Build.0 = Debug|x86
		{7F21B4A9-E203-45D8-B4AF-3CB7B4A29DDE}.Debug|x86.ActiveCfg = Debug|x86
		{7F21B4A9-E203-45D8-B4AF-3CB7B4A29DDE}.Debug|x86.Build.0 = Debug|x86
		{7F21B4A9-E203-45D8-B4AF-3CB7B4A29DDE}.Release|Any CPU.ActiveCfg = Release|x86
		{7F21B4A9-E203-45D8-B4AF-3CB7B4A29DDE}.Release|Mixed Platforms.ActiveCfg = Release|x86
		{7F21B4A9-E203-45D8-B4AF-3CB7B4A29DDE}.Release|Mixed Platforms.Build.0 = Release|x86
		{7F21B4A9-E203-45D8-B4AF-3CB7B4A29DDE}.Release|x86.ActiveCfg = Release|x86
		{7F21B4A9-E203-45D8-B4AF-3CB7B4A29DDE}.Release|x86.Build.0 = Release|x86
		{7FE70D68-81CC-4AF1-8523-4E0C85817281}.Debug|Any CPU.ActiveCfg = Debug|x86
		{7FE70D68-81CC-4AF1-8523-4E0C85817281}.Debug|Mixed Platforms.ActiveCfg = Debug|x86
		{7FE70D68-81CC-4AF1-8523-4E0C85817281}.Debug|Mixed Platforms.Build.0 = Debug|x86
		{7FE70D68-81CC-4AF1-8523-4E0C85817281}.Debug|x86.ActiveCfg = Debug|x86
		{7FE70D68-81CC-4AF1-8523-4E0C85817281}.Debug|x86.Build.0 = Debug|x86
		{7FE70D68-81CC-4AF1-8523-4E0C85817281}.Release|Any CPU.ActiveCfg = Release|x86
		{7FE70D68-81CC-4AF1-8523-4E0C85817281}.Release|Mixed Platforms.ActiveCfg = Release|x86
		{7FE70D68-81CC-4AF1-8523-4E0C85817281}.Release|Mixed Platforms.Build.0 = Release|x86
		{7FE70D68-81CC-4AF1-8523-4E0C85817281}.Release|x86.ActiveCfg = Release|x86
		{7FE70D68-81CC-4AF1-8523-4E0C85817281}.Release|x86.Build.0 = Release|x86
		{2AB170F5-4B4D-40EC-85EB-AAE24175EAD3}.Debug|Any CPU.ActiveCfg = Debug|x86
		{2AB170F5-4B4D-40EC-85EB-AAE24175EAD3}.Debug|Mixed Platforms.ActiveCfg = Debug|x86
		{2AB170F5-4B4D-40EC-85EB-AAE24175EAD3}.Debug|Mixed Platforms.Build.0 = Debug|x86
		{2AB170F5-4B4D-40EC-85EB-AAE24175EAD3}.Debug|x86.ActiveCfg = Debug|x86
		{2AB170F5-4B4D-40EC-85EB-AAE24175EAD3}.Debug|x86.Build.0 = Debug|x86
		{2AB170F5-4B4D-40EC-85EB-AAE24175EAD3}.Release|Any CPU.ActiveCfg = Release|x86
		{2AB170F5-4B4D-40EC-85EB-AAE24175EAD3}.Release|Mixed Platforms.ActiveCfg = Release|x86
		{2AB170F5-4B4D-40EC-85EB-AAE24175EAD3}.Release|Mixed Platforms.Build.0 = Release|x86
		{2AB170F5-4B4D-40EC-85EB-AAE24175EAD3}.Release|x86.ActiveCfg = Release|x86
		{2AB170F5-4B4D-40EC-85EB-AAE24175EAD3}.Release|x86.Build.0 = Release|x86
	EndGlobalSection
	GlobalSection(SolutionProperties) = preSolution
		HideSolutionNode = FALSE
	EndGlobalSection
EndGlobal
